// !$*UTF8*$!
{
	archiveVersion = 1;
	classes = {
	};
	objectVersion = 46;
	objects = {

/* Begin PBXBuildFile section */
		1866D31E1B123A900088FA50 /* AppDelegate.swift in Sources */ = {isa = PBXBuildFile; fileRef = 1866D31D1B123A900088FA50 /* AppDelegate.swift */; };
		1866D3231B123A900088FA50 /* ViewController.swift in Sources */ = {isa = PBXBuildFile; fileRef = 1866D3221B123A900088FA50 /* ViewController.swift */; };
		1866D3261B123A900088FA50 /* Main.storyboard in Resources */ = {isa = PBXBuildFile; fileRef = 1866D3241B123A900088FA50 /* Main.storyboard */; };
		1866D3281B123A900088FA50 /* Images.xcassets in Resources */ = {isa = PBXBuildFile; fileRef = 1866D3271B123A900088FA50 /* Images.xcassets */; };
		1866D32B1B123A900088FA50 /* LaunchScreen.xib in Resources */ = {isa = PBXBuildFile; fileRef = 1866D3291B123A900088FA50 /* LaunchScreen.xib */; };
		1866D3461B123AD30088FA50 /* Bolts.framework in Frameworks */ = {isa = PBXBuildFile; fileRef = 1866D3401B123AD30088FA50 /* Bolts.framework */; };
		1866D3471B123AD30088FA50 /* Parse.framework in Frameworks */ = {isa = PBXBuildFile; fileRef = 1866D3411B123AD30088FA50 /* Parse.framework */; };
		1866D3481B123AD30088FA50 /* ParseCrashReporting.framework in Frameworks */ = {isa = PBXBuildFile; fileRef = 1866D3421B123AD30088FA50 /* ParseCrashReporting.framework */; };
		1866D3491B123AD30088FA50 /* ParseFacebookUtils.framework in Frameworks */ = {isa = PBXBuildFile; fileRef = 1866D3431B123AD30088FA50 /* ParseFacebookUtils.framework */; };
		1866D34A1B123AD30088FA50 /* ParseFacebookUtilsV4.framework in Frameworks */ = {isa = PBXBuildFile; fileRef = 1866D3441B123AD30088FA50 /* ParseFacebookUtilsV4.framework */; };
		1866D34B1B123AD30088FA50 /* ParseUI.framework in Frameworks */ = {isa = PBXBuildFile; fileRef = 1866D3451B123AD30088FA50 /* ParseUI.framework */; };
		1866D34E1B123B0F0088FA50 /* AudioToolbox.framework in Frameworks */ = {isa = PBXBuildFile; fileRef = 1866D34D1B123B0F0088FA50 /* AudioToolbox.framework */; };
		1866D3501B123B150088FA50 /* CFNetwork.framework in Frameworks */ = {isa = PBXBuildFile; fileRef = 1866D34F1B123B150088FA50 /* CFNetwork.framework */; };
		1866D3521B123B1A0088FA50 /* CoreGraphics.framework in Frameworks */ = {isa = PBXBuildFile; fileRef = 1866D3511B123B1A0088FA50 /* CoreGraphics.framework */; };
		1866D3541B123B220088FA50 /* CoreLocation.framework in Frameworks */ = {isa = PBXBuildFile; fileRef = 1866D3531B123B220088FA50 /* CoreLocation.framework */; };
		1866D3561B123B290088FA50 /* MobileCoreServices.framework in Frameworks */ = {isa = PBXBuildFile; fileRef = 1866D3551B123B290088FA50 /* MobileCoreServices.framework */; };
		1866D3581B123B300088FA50 /* QuartzCore.framework in Frameworks */ = {isa = PBXBuildFile; fileRef = 1866D3571B123B300088FA50 /* QuartzCore.framework */; };
		1866D35A1B123B360088FA50 /* Security.framework in Frameworks */ = {isa = PBXBuildFile; fileRef = 1866D3591B123B360088FA50 /* Security.framework */; };
		1866D35C1B123B3D0088FA50 /* StoreKit.framework in Frameworks */ = {isa = PBXBuildFile; fileRef = 1866D35B1B123B3D0088FA50 /* StoreKit.framework */; };
		1866D35E1B123B430088FA50 /* SystemConfiguration.framework in Frameworks */ = {isa = PBXBuildFile; fileRef = 1866D35D1B123B430088FA50 /* SystemConfiguration.framework */; };
		1866D3661B1273BA0088FA50 /* ParseTableViewController.swift in Sources */ = {isa = PBXBuildFile; fileRef = 1866D3651B1273BA0088FA50 /* ParseTableViewController.swift */; };
		1884D6E41BA0C62400FE6D89 /* OhMyZashTableViewController.swift in Sources */ = {isa = PBXBuildFile; fileRef = 1884D6E31BA0C62400FE6D89 /* OhMyZashTableViewController.swift */; };
		1884D6E61BA0C99700FE6D89 /* ParseCloudTesteViewController.swift in Sources */ = {isa = PBXBuildFile; fileRef = 1884D6E51BA0C99700FE6D89 /* ParseCloudTesteViewController.swift */; };
		188983331B557F160088A03C /* Mini3TableViewController.swift in Sources */ = {isa = PBXBuildFile; fileRef = 188983321B557F160088A03C /* Mini3TableViewController.swift */; };
		F2F4CBB91F93AC850026B502 /* arquivodesnecessarioparafazerumpullrequest.swift in Sources */ = {isa = PBXBuildFile; fileRef = F2F4CBB81F93AC850026B502 /* arquivodesnecessarioparafazerumpullrequest.swift */; };
/* End PBXBuildFile section */

/* Begin PBXContainerItemProxy section */
		1866D3311B123A900088FA50 /* PBXContainerItemProxy */ = {
			isa = PBXContainerItemProxy;
			containerPortal = 1866D3101B123A900088FA50 /* Project object */;
			proxyType = 1;
			remoteGlobalIDString = 1866D3171B123A900088FA50;
			remoteInfo = ParseSwiftTestes;
		};
/* End PBXContainerItemProxy section */

/* Begin PBXFileReference section */
		1866D3181B123A900088FA50 /* ParseSwiftTestes.app */ = {isa = PBXFileReference; explicitFileType = wrapper.application; includeInIndex = 0; path = ParseSwiftTestes.app; sourceTree = BUILT_PRODUCTS_DIR; };
		1866D31C1B123A900088FA50 /* Info.plist */ = {isa = PBXFileReference; lastKnownFileType = text.plist.xml; path = Info.plist; sourceTree = "<group>"; };
		1866D31D1B123A900088FA50 /* AppDelegate.swift */ = {isa = PBXFileReference; lastKnownFileType = sourcecode.swift; path = AppDelegate.swift; sourceTree = "<group>"; };
		1866D3221B123A900088FA50 /* ViewController.swift */ = {isa = PBXFileReference; lastKnownFileType = sourcecode.swift; path = ViewController.swift; sourceTree = "<group>"; };
		1866D3251B123A900088FA50 /* Base */ = {isa = PBXFileReference; lastKnownFileType = file.storyboard; name = Base; path = Base.lproj/Main.storyboard; sourceTree = "<group>"; };
		1866D3271B123A900088FA50 /* Images.xcassets */ = {isa = PBXFileReference; lastKnownFileType = folder.assetcatalog; path = Images.xcassets; sourceTree = "<group>"; };
		1866D32A1B123A900088FA50 /* Base */ = {isa = PBXFileReference; lastKnownFileType = file.xib; name = Base; path = Base.lproj/LaunchScreen.xib; sourceTree = "<group>"; };
		1866D3301B123A900088FA50 /* ParseSwiftTestesTests.xctest */ = {isa = PBXFileReference; explicitFileType = wrapper.cfbundle; includeInIndex = 0; path = ParseSwiftTestesTests.xctest; sourceTree = BUILT_PRODUCTS_DIR; };
		1866D3351B123A900088FA50 /* Info.plist */ = {isa = PBXFileReference; lastKnownFileType = text.plist.xml; path = Info.plist; sourceTree = "<group>"; };
		1866D3401B123AD30088FA50 /* Bolts.framework */ = {isa = PBXFileReference; lastKnownFileType = wrapper.framework; path = Bolts.framework; sourceTree = "<group>"; };
		1866D3411B123AD30088FA50 /* Parse.framework */ = {isa = PBXFileReference; lastKnownFileType = wrapper.framework; path = Parse.framework; sourceTree = "<group>"; };
		1866D3421B123AD30088FA50 /* ParseCrashReporting.framework */ = {isa = PBXFileReference; lastKnownFileType = wrapper.framework; path = ParseCrashReporting.framework; sourceTree = "<group>"; };
		1866D3431B123AD30088FA50 /* ParseFacebookUtils.framework */ = {isa = PBXFileReference; lastKnownFileType = wrapper.framework; path = ParseFacebookUtils.framework; sourceTree = "<group>"; };
		1866D3441B123AD30088FA50 /* ParseFacebookUtilsV4.framework */ = {isa = PBXFileReference; lastKnownFileType = wrapper.framework; path = ParseFacebookUtilsV4.framework; sourceTree = "<group>"; };
		1866D3451B123AD30088FA50 /* ParseUI.framework */ = {isa = PBXFileReference; lastKnownFileType = wrapper.framework; path = ParseUI.framework; sourceTree = "<group>"; };
		1866D34D1B123B0F0088FA50 /* AudioToolbox.framework */ = {isa = PBXFileReference; lastKnownFileType = wrapper.framework; name = AudioToolbox.framework; path = System/Library/Frameworks/AudioToolbox.framework; sourceTree = SDKROOT; };
		1866D34F1B123B150088FA50 /* CFNetwork.framework */ = {isa = PBXFileReference; lastKnownFileType = wrapper.framework; name = CFNetwork.framework; path = System/Library/Frameworks/CFNetwork.framework; sourceTree = SDKROOT; };
		1866D3511B123B1A0088FA50 /* CoreGraphics.framework */ = {isa = PBXFileReference; lastKnownFileType = wrapper.framework; name = CoreGraphics.framework; path = System/Library/Frameworks/CoreGraphics.framework; sourceTree = SDKROOT; };
		1866D3531B123B220088FA50 /* CoreLocation.framework */ = {isa = PBXFileReference; lastKnownFileType = wrapper.framework; name = CoreLocation.framework; path = System/Library/Frameworks/CoreLocation.framework; sourceTree = SDKROOT; };
		1866D3551B123B290088FA50 /* MobileCoreServices.framework */ = {isa = PBXFileReference; lastKnownFileType = wrapper.framework; name = MobileCoreServices.framework; path = System/Library/Frameworks/MobileCoreServices.framework; sourceTree = SDKROOT; };
		1866D3571B123B300088FA50 /* QuartzCore.framework */ = {isa = PBXFileReference; lastKnownFileType = wrapper.framework; name = QuartzCore.framework; path = System/Library/Frameworks/QuartzCore.framework; sourceTree = SDKROOT; };
		1866D3591B123B360088FA50 /* Security.framework */ = {isa = PBXFileReference; lastKnownFileType = wrapper.framework; name = Security.framework; path = System/Library/Frameworks/Security.framework; sourceTree = SDKROOT; };
		1866D35B1B123B3D0088FA50 /* StoreKit.framework */ = {isa = PBXFileReference; lastKnownFileType = wrapper.framework; name = StoreKit.framework; path = System/Library/Frameworks/StoreKit.framework; sourceTree = SDKROOT; };
		1866D35D1B123B430088FA50 /* SystemConfiguration.framework */ = {isa = PBXFileReference; lastKnownFileType = wrapper.framework; name = SystemConfiguration.framework; path = System/Library/Frameworks/SystemConfiguration.framework; sourceTree = SDKROOT; };
		1866D3651B1273BA0088FA50 /* ParseTableViewController.swift */ = {isa = PBXFileReference; fileEncoding = 4; lastKnownFileType = sourcecode.swift; path = ParseTableViewController.swift; sourceTree = "<group>"; };
		1884D6E31BA0C62400FE6D89 /* OhMyZashTableViewController.swift */ = {isa = PBXFileReference; fileEncoding = 4; lastKnownFileType = sourcecode.swift; path = OhMyZashTableViewController.swift; sourceTree = "<group>"; };
		1884D6E51BA0C99700FE6D89 /* ParseCloudTesteViewController.swift */ = {isa = PBXFileReference; fileEncoding = 4; lastKnownFileType = sourcecode.swift; path = ParseCloudTesteViewController.swift; sourceTree = "<group>"; };
		188983321B557F160088A03C /* Mini3TableViewController.swift */ = {isa = PBXFileReference; fileEncoding = 4; lastKnownFileType = sourcecode.swift; path = Mini3TableViewController.swift; sourceTree = "<group>"; };
		F2F4CBB81F93AC850026B502 /* arquivodesnecessarioparafazerumpullrequest.swift */ = {isa = PBXFileReference; lastKnownFileType = sourcecode.swift; path = arquivodesnecessarioparafazerumpullrequest.swift; sourceTree = "<group>"; };
/* End PBXFileReference section */

/* Begin PBXFrameworksBuildPhase section */
		1866D3151B123A900088FA50 /* Frameworks */ = {
			isa = PBXFrameworksBuildPhase;
			buildActionMask = 2147483647;
			files = (
				1866D35E1B123B430088FA50 /* SystemConfiguration.framework in Frameworks */,
				1866D35C1B123B3D0088FA50 /* StoreKit.framework in Frameworks */,
				1866D35A1B123B360088FA50 /* Security.framework in Frameworks */,
				1866D3581B123B300088FA50 /* QuartzCore.framework in Frameworks */,
				1866D3561B123B290088FA50 /* MobileCoreServices.framework in Frameworks */,
				1866D3541B123B220088FA50 /* CoreLocation.framework in Frameworks */,
				1866D3521B123B1A0088FA50 /* CoreGraphics.framework in Frameworks */,
				1866D3501B123B150088FA50 /* CFNetwork.framework in Frameworks */,
				1866D34E1B123B0F0088FA50 /* AudioToolbox.framework in Frameworks */,
				1866D34B1B123AD30088FA50 /* ParseUI.framework in Frameworks */,
				1866D3471B123AD30088FA50 /* Parse.framework in Frameworks */,
				1866D3481B123AD30088FA50 /* ParseCrashReporting.framework in Frameworks */,
				1866D3491B123AD30088FA50 /* ParseFacebookUtils.framework in Frameworks */,
				1866D3461B123AD30088FA50 /* Bolts.framework in Frameworks */,
				1866D34A1B123AD30088FA50 /* ParseFacebookUtilsV4.framework in Frameworks */,
			);
			runOnlyForDeploymentPostprocessing = 0;
		};
		1866D32D1B123A900088FA50 /* Frameworks */ = {
			isa = PBXFrameworksBuildPhase;
			buildActionMask = 2147483647;
			files = (
			);
			runOnlyForDeploymentPostprocessing = 0;
		};
/* End PBXFrameworksBuildPhase section */

/* Begin PBXGroup section */
		1866D30F1B123A900088FA50 = {
			isa = PBXGroup;
			children = (
				1866D34C1B123ADA0088FA50 /* Frameworks */,
				1866D31A1B123A900088FA50 /* ParseSwiftTestes */,
				1866D3331B123A900088FA50 /* ParseSwiftTestesTests */,
				1866D3191B123A900088FA50 /* Products */,
			);
			sourceTree = "<group>";
		};
		1866D3191B123A900088FA50 /* Products */ = {
			isa = PBXGroup;
			children = (
				1866D3181B123A900088FA50 /* ParseSwiftTestes.app */,
				1866D3301B123A900088FA50 /* ParseSwiftTestesTests.xctest */,
			);
			name = Products;
			sourceTree = "<group>";
		};
		1866D31A1B123A900088FA50 /* ParseSwiftTestes */ = {
			isa = PBXGroup;
			children = (
				1866D31D1B123A900088FA50 /* AppDelegate.swift */,
				1866D3221B123A900088FA50 /* ViewController.swift */,
				1866D3241B123A900088FA50 /* Main.storyboard */,
				1884D6E51BA0C99700FE6D89 /* ParseCloudTesteViewController.swift */,
				1866D3271B123A900088FA50 /* Images.xcassets */,
				1866D3291B123A900088FA50 /* LaunchScreen.xib */,
				1866D31B1B123A900088FA50 /* Supporting Files */,
				1884D6E31BA0C62400FE6D89 /* OhMyZashTableViewController.swift */,
				1866D3651B1273BA0088FA50 /* ParseTableViewController.swift */,
				188983321B557F160088A03C /* Mini3TableViewController.swift */,
				F2F4CBB81F93AC850026B502 /* arquivodesnecessarioparafazerumpullrequest.swift */,
			);
			path = ParseSwiftTestes;
			sourceTree = "<group>";
		};
		1866D31B1B123A900088FA50 /* Supporting Files */ = {
			isa = PBXGroup;
			children = (
				1866D31C1B123A900088FA50 /* Info.plist */,
			);
			name = "Supporting Files";
			sourceTree = "<group>";
		};
		1866D3331B123A900088FA50 /* ParseSwiftTestesTests */ = {
			isa = PBXGroup;
			children = (
				1866D3341B123A900088FA50 /* Supporting Files */,
			);
			path = ParseSwiftTestesTests;
			sourceTree = "<group>";
		};
		1866D3341B123A900088FA50 /* Supporting Files */ = {
			isa = PBXGroup;
			children = (
				1866D3351B123A900088FA50 /* Info.plist */,
			);
			name = "Supporting Files";
			sourceTree = "<group>";
		};
		1866D34C1B123ADA0088FA50 /* Frameworks */ = {
			isa = PBXGroup;
			children = (
				1866D35D1B123B430088FA50 /* SystemConfiguration.framework */,
				1866D35B1B123B3D0088FA50 /* StoreKit.framework */,
				1866D3591B123B360088FA50 /* Security.framework */,
				1866D3571B123B300088FA50 /* QuartzCore.framework */,
				1866D3551B123B290088FA50 /* MobileCoreServices.framework */,
				1866D3531B123B220088FA50 /* CoreLocation.framework */,
				1866D3511B123B1A0088FA50 /* CoreGraphics.framework */,
				1866D34F1B123B150088FA50 /* CFNetwork.framework */,
				1866D34D1B123B0F0088FA50 /* AudioToolbox.framework */,
				1866D3401B123AD30088FA50 /* Bolts.framework */,
				1866D3411B123AD30088FA50 /* Parse.framework */,
				1866D3421B123AD30088FA50 /* ParseCrashReporting.framework */,
				1866D3431B123AD30088FA50 /* ParseFacebookUtils.framework */,
				1866D3441B123AD30088FA50 /* ParseFacebookUtilsV4.framework */,
				1866D3451B123AD30088FA50 /* ParseUI.framework */,
			);
			name = Frameworks;
			sourceTree = "<group>";
		};
/* End PBXGroup section */

/* Begin PBXNativeTarget section */
		1866D3171B123A900088FA50 /* ParseSwiftTestes */ = {
			isa = PBXNativeTarget;
			buildConfigurationList = 1866D33A1B123A900088FA50 /* Build configuration list for PBXNativeTarget "ParseSwiftTestes" */;
			buildPhases = (
				1866D3141B123A900088FA50 /* Sources */,
				1866D3151B123A900088FA50 /* Frameworks */,
				1866D3161B123A900088FA50 /* Resources */,
			);
			buildRules = (
			);
			dependencies = (
			);
			name = ParseSwiftTestes;
			productName = ParseSwiftTestes;
			productReference = 1866D3181B123A900088FA50 /* ParseSwiftTestes.app */;
			productType = "com.apple.product-type.application";
		};
		1866D32F1B123A900088FA50 /* ParseSwiftTestesTests */ = {
			isa = PBXNativeTarget;
			buildConfigurationList = 1866D33D1B123A900088FA50 /* Build configuration list for PBXNativeTarget "ParseSwiftTestesTests" */;
			buildPhases = (
				1866D32C1B123A900088FA50 /* Sources */,
				1866D32D1B123A900088FA50 /* Frameworks */,
				1866D32E1B123A900088FA50 /* Resources */,
			);
			buildRules = (
			);
			dependencies = (
				1866D3321B123A900088FA50 /* PBXTargetDependency */,
			);
			name = ParseSwiftTestesTests;
			productName = ParseSwiftTestesTests;
			productReference = 1866D3301B123A900088FA50 /* ParseSwiftTestesTests.xctest */;
			productType = "com.apple.product-type.bundle.unit-test";
		};
/* End PBXNativeTarget section */

/* Begin PBXProject section */
		1866D3101B123A900088FA50 /* Project object */ = {
			isa = PBXProject;
			attributes = {
				LastUpgradeCheck = 0630;
				ORGANIZATIONNAME = Ramon;
				TargetAttributes = {
					1866D3171B123A900088FA50 = {
						CreatedOnToolsVersion = 6.3.1;
						ProvisioningStyle = Automatic;
					};
					1866D32F1B123A900088FA50 = {
						CreatedOnToolsVersion = 6.3.1;
						TestTargetID = 1866D3171B123A900088FA50;
					};
				};
			};
			buildConfigurationList = 1866D3131B123A900088FA50 /* Build configuration list for PBXProject "ParseSwiftTestes" */;
			compatibilityVersion = "Xcode 3.2";
			developmentRegion = English;
			hasScannedForEncodings = 0;
			knownRegions = (
				en,
				Base,
			);
			mainGroup = 1866D30F1B123A900088FA50;
			productRefGroup = 1866D3191B123A900088FA50 /* Products */;
			projectDirPath = "";
			projectRoot = "";
			targets = (
				1866D3171B123A900088FA50 /* ParseSwiftTestes */,
				1866D32F1B123A900088FA50 /* ParseSwiftTestesTests */,
			);
		};
/* End PBXProject section */

/* Begin PBXResourcesBuildPhase section */
		1866D3161B123A900088FA50 /* Resources */ = {
			isa = PBXResourcesBuildPhase;
			buildActionMask = 2147483647;
			files = (
				1866D3261B123A900088FA50 /* Main.storyboard in Resources */,
				1866D32B1B123A900088FA50 /* LaunchScreen.xib in Resources */,
				1866D3281B123A900088FA50 /* Images.xcassets in Resources */,
			);
			runOnlyForDeploymentPostprocessing = 0;
		};
		1866D32E1B123A900088FA50 /* Resources */ = {
			isa = PBXResourcesBuildPhase;
			buildActionMask = 2147483647;
			files = (
			);
			runOnlyForDeploymentPostprocessing = 0;
		};
/* End PBXResourcesBuildPhase section */

/* Begin PBXSourcesBuildPhase section */
		1866D3141B123A900088FA50 /* Sources */ = {
			isa = PBXSourcesBuildPhase;
			buildActionMask = 2147483647;
			files = (
				1884D6E41BA0C62400FE6D89 /* OhMyZashTableViewController.swift in Sources */,
				188983331B557F160088A03C /* Mini3TableViewController.swift in Sources */,
				1866D3661B1273BA0088FA50 /* ParseTableViewController.swift in Sources */,
				1866D3231B123A900088FA50 /* ViewController.swift in Sources */,
				1884D6E61BA0C99700FE6D89 /* ParseCloudTesteViewController.swift in Sources */,
				1866D31E1B123A900088FA50 /* AppDelegate.swift in Sources */,
				F2F4CBB91F93AC850026B502 /* arquivodesnecessarioparafazerumpullrequest.swift in Sources */,
			);
			runOnlyForDeploymentPostprocessing = 0;
		};
		1866D32C1B123A900088FA50 /* Sources */ = {
			isa = PBXSourcesBuildPhase;
			buildActionMask = 2147483647;
			files = (
			);
			runOnlyForDeploymentPostprocessing = 0;
		};
/* End PBXSourcesBuildPhase section */

/* Begin PBXTargetDependency section */
		1866D3321B123A900088FA50 /* PBXTargetDependency */ = {
			isa = PBXTargetDependency;
			target = 1866D3171B123A900088FA50 /* ParseSwiftTestes */;
			targetProxy = 1866D3311B123A900088FA50 /* PBXContainerItemProxy */;
		};
/* End PBXTargetDependency section */

/* Begin PBXVariantGroup section */
		1866D3241B123A900088FA50 /* Main.storyboard */ = {
			isa = PBXVariantGroup;
			children = (
				1866D3251B123A900088FA50 /* Base */,
			);
			name = Main.storyboard;
			sourceTree = "<group>";
		};
		1866D3291B123A900088FA50 /* LaunchScreen.xib */ = {
			isa = PBXVariantGroup;
			children = (
				1866D32A1B123A900088FA50 /* Base */,
			);
			name = LaunchScreen.xib;
			sourceTree = "<group>";
		};
/* End PBXVariantGroup section */

/* Begin XCBuildConfiguration section */
		1866D3381B123A900088FA50 /* Debug */ = {
			isa = XCBuildConfiguration;
			buildSettings = {
				ALWAYS_SEARCH_USER_PATHS = NO;
				CLANG_CXX_LANGUAGE_STANDARD = "gnu++0x";
				CLANG_CXX_LIBRARY = "libc++";
				CLANG_ENABLE_MODULES = YES;
				CLANG_ENABLE_OBJC_ARC = YES;
				CLANG_WARN_BOOL_CONVERSION = YES;
				CLANG_WARN_CONSTANT_CONVERSION = YES;
				CLANG_WARN_DIRECT_OBJC_ISA_USAGE = YES_ERROR;
				CLANG_WARN_EMPTY_BODY = YES;
				CLANG_WARN_ENUM_CONVERSION = YES;
				CLANG_WARN_INT_CONVERSION = YES;
				CLANG_WARN_OBJC_ROOT_CLASS = YES_ERROR;
				CLANG_WARN_UNREACHABLE_CODE = YES;
				CLANG_WARN__DUPLICATE_METHOD_MATCH = YES;
				"CODE_SIGN_IDENTITY[sdk=iphoneos*]" = "iPhone Developer";
				COPY_PHASE_STRIP = NO;
				DEBUG_INFORMATION_FORMAT = "dwarf-with-dsym";
				ENABLE_STRICT_OBJC_MSGSEND = YES;
				GCC_C_LANGUAGE_STANDARD = gnu99;
				GCC_DYNAMIC_NO_PIC = NO;
				GCC_NO_COMMON_BLOCKS = YES;
				GCC_OPTIMIZATION_LEVEL = 0;
				GCC_PREPROCESSOR_DEFINITIONS = (
					"DEBUG=1",
					"$(inherited)",
				);
				GCC_SYMBOLS_PRIVATE_EXTERN = NO;
				GCC_WARN_64_TO_32_BIT_CONVERSION = YES;
				GCC_WARN_ABOUT_RETURN_TYPE = YES_ERROR;
				GCC_WARN_UNDECLARED_SELECTOR = YES;
				GCC_WARN_UNINITIALIZED_AUTOS = YES_AGGRESSIVE;
				GCC_WARN_UNUSED_FUNCTION = YES;
				GCC_WARN_UNUSED_VARIABLE = YES;
				IPHONEOS_DEPLOYMENT_TARGET = 8.3;
				MTL_ENABLE_DEBUG_INFO = YES;
				ONLY_ACTIVE_ARCH = YES;
				SDKROOT = iphoneos;
				SWIFT_OPTIMIZATION_LEVEL = "-Onone";
				TARGETED_DEVICE_FAMILY = "1,2";
			};
			name = Debug;
		};
		1866D3391B123A900088FA50 /* Release */ = {
			isa = XCBuildConfiguration;
			buildSettings = {
				ALWAYS_SEARCH_USER_PATHS = NO;
				CLANG_CXX_LANGUAGE_STANDARD = "gnu++0x";
				CLANG_CXX_LIBRARY = "libc++";
				CLANG_ENABLE_MODULES = YES;
				CLANG_ENABLE_OBJC_ARC = YES;
				CLANG_WARN_BOOL_CONVERSION = YES;
				CLANG_WARN_CONSTANT_CONVERSION = YES;
				CLANG_WARN_DIRECT_OBJC_ISA_USAGE = YES_ERROR;
				CLANG_WARN_EMPTY_BODY = YES;
				CLANG_WARN_ENUM_CONVERSION = YES;
				CLANG_WARN_INT_CONVERSION = YES;
				CLANG_WARN_OBJC_ROOT_CLASS = YES_ERROR;
				CLANG_WARN_UNREACHABLE_CODE = YES;
				CLANG_WARN__DUPLICATE_METHOD_MATCH = YES;
				"CODE_SIGN_IDENTITY[sdk=iphoneos*]" = "iPhone Developer";
				COPY_PHASE_STRIP = NO;
				DEBUG_INFORMATION_FORMAT = "dwarf-with-dsym";
				ENABLE_NS_ASSERTIONS = NO;
				ENABLE_STRICT_OBJC_MSGSEND = YES;
				GCC_C_LANGUAGE_STANDARD = gnu99;
				GCC_NO_COMMON_BLOCKS = YES;
				GCC_WARN_64_TO_32_BIT_CONVERSION = YES;
				GCC_WARN_ABOUT_RETURN_TYPE = YES_ERROR;
				GCC_WARN_UNDECLARED_SELECTOR = YES;
				GCC_WARN_UNINITIALIZED_AUTOS = YES_AGGRESSIVE;
				GCC_WARN_UNUSED_FUNCTION = YES;
				GCC_WARN_UNUSED_VARIABLE = YES;
				IPHONEOS_DEPLOYMENT_TARGET = 8.3;
				MTL_ENABLE_DEBUG_INFO = NO;
				SDKROOT = iphoneos;
				TARGETED_DEVICE_FAMILY = "1,2";
				VALIDATE_PRODUCT = YES;
			};
			name = Release;
		};
		1866D33B1B123A900088FA50 /* Debug */ = {
			isa = XCBuildConfiguration;
			buildSettings = {
				ASSETCATALOG_COMPILER_APPICON_NAME = AppIcon;
				CODE_SIGN_IDENTITY = "iPhone Developer: Ramon Honorio (JRZ3396N7C)";
				"CODE_SIGN_IDENTITY[sdk=iphoneos*]" = "iPhone Developer";
				CODE_SIGN_STYLE = Automatic;
				DEVELOPMENT_TEAM = "";
				FRAMEWORK_SEARCH_PATHS = (
					"$(inherited)",
					"$(PROJECT_DIR)",
				);
				INFOPLIST_FILE = ParseSwiftTestes/Info.plist;
				IPHONEOS_DEPLOYMENT_TARGET = 11.0;
				LD_RUNPATH_SEARCH_PATHS = "$(inherited) @executable_path/Frameworks";
				PRODUCT_NAME = "$(TARGET_NAME)";
				PROVISIONING_PROFILE_SPECIFIER = "";
			};
			name = Debug;
		};
		1866D33C1B123A900088FA50 /* Release */ = {
			isa = XCBuildConfiguration;
			buildSettings = {
				ASSETCATALOG_COMPILER_APPICON_NAME = AppIcon;
				CODE_SIGN_IDENTITY = "iPhone Developer: Ramon Honorio (JRZ3396N7C)";
				"CODE_SIGN_IDENTITY[sdk=iphoneos*]" = "iPhone Developer";
				CODE_SIGN_STYLE = Automatic;
				DEVELOPMENT_TEAM = "";
				FRAMEWORK_SEARCH_PATHS = (
					"$(inherited)",
					"$(PROJECT_DIR)",
				);
				INFOPLIST_FILE = ParseSwiftTestes/Info.plist;
				IPHONEOS_DEPLOYMENT_TARGET = 11.0;
				LD_RUNPATH_SEARCH_PATHS = "$(inherited) @executable_path/Frameworks";
				PRODUCT_NAME = "$(TARGET_NAME)";
				PROVISIONING_PROFILE_SPECIFIER = "";
			};
			name = Release;
		};
		1866D33E1B123A900088FA50 /* Debug */ = {
			isa = XCBuildConfiguration;
			buildSettings = {
				BUNDLE_LOADER = "$(TEST_HOST)";
				FRAMEWORK_SEARCH_PATHS = (
					"$(SDKROOT)/Developer/Library/Frameworks",
					"$(inherited)",
				);
				GCC_PREPROCESSOR_DEFINITIONS = (
					"DEBUG=1",
					"$(inherited)",
				);
				INFOPLIST_FILE = ParseSwiftTestesTests/Info.plist;
				LD_RUNPATH_SEARCH_PATHS = "$(inherited) @executable_path/Frameworks @loader_path/Frameworks";
				PRODUCT_NAME = "$(TARGET_NAME)";
				TEST_HOST = "$(BUILT_PRODUCTS_DIR)/ParseSwiftTestes.app/ParseSwiftTestes";
			};
			name = Debug;
		};
		1866D33F1B123A900088FA50 /* Release */ = {
			isa = XCBuildConfiguration;
			buildSettings = {
				BUNDLE_LOADER = "$(TEST_HOST)";
				FRAMEWORK_SEARCH_PATHS = (
					"$(SDKROOT)/Developer/Library/Frameworks",
					"$(inherited)",
				);
				INFOPLIST_FILE = ParseSwiftTestesTests/Info.plist;
				LD_RUNPATH_SEARCH_PATHS = "$(inherited) @executable_path/Frameworks @loader_path/Frameworks";
				PRODUCT_NAME = "$(TARGET_NAME)";
				TEST_HOST = "$(BUILT_PRODUCTS_DIR)/ParseSwiftTestes.app/ParseSwiftTestes";
			};
			name = Release;
		};
/* End XCBuildConfiguration section */

/* Begin XCConfigurationList section */
		1866D3131B123A900088FA50 /* Build configuration list for PBXProject "ParseSwiftTestes" */ = {
			isa = XCConfigurationList;
			buildConfigurations = (
				1866D3381B123A900088FA50 /* Debug */,
				1866D3391B123A900088FA50 /* Release */,
			);
			defaultConfigurationIsVisible = 0;
			defaultConfigurationName = Release;
		};
		1866D33A1B123A900088FA50 /* Build configuration list for PBXNativeTarget "ParseSwiftTestes" */ = {
			isa = XCConfigurationList;
			buildConfigurations = (
				1866D33B1B123A900088FA50 /* Debug */,
				1866D33C1B123A900088FA50 /* Release */,
			);
			defaultConfigurationIsVisible = 0;
			defaultConfigurationName = Release;
		};
		1866D33D1B123A900088FA50 /* Build configuration list for PBXNativeTarget "ParseSwiftTestesTests" */ = {
			isa = XCConfigurationList;
			buildConfigurations = (
				1866D33E1B123A900088FA50 /* Debug */,
				1866D33F1B123A900088FA50 /* Release */,
			);
			defaultConfigurationIsVisible = 0;
			defaultConfigurationName = Release;
		};
/* End XCConfigurationList section */
	};
	rootObject = 1866D3101B123A900088FA50 /* Project object */;
}
